
Microsoft Visual Studio Solution File, Format Version 12.00
# Visual Studio 15
VisualStudioVersion = 15.0.26430.13
MinimumVisualStudioVersion = 10.0.40219.1
Project("{FAE04EC0-301F-11D3-BF4B-00C04F79EFBC}") = "MvcHTPC", "MvcHTPC\MvcHTPC.csproj", "{66807921-7164-4D46-96B6-943032E38DFA}"
EndProject
Global
	GlobalSection(SolutionConfigurationPlatforms) = preSolution
		Debug|Any CPU = Debug|Any CPU
		MvcHTPC_rtDebug|Any CPU = MvcHTPC_rtDebug|Any CPU
		Release|Any CPU = Release|Any CPU
	EndGlobalSection
	GlobalSection(ProjectConfigurationPlatforms) = postSolution
		{66807921-7164-4D46-96B6-943032E38DFA}.Debug|Any CPU.ActiveCfg = Debug|Any CPU
		{66807921-7164-4D46-96B6-943032E38DFA}.Debug|Any CPU.Build.0 = Debug|Any CPU
		{66807921-7164-4D46-96B6-943032E38DFA}.MvcHTPC_rtDebug|Any CPU.ActiveCfg = MvcHTPC_rtDebug|Any CPU
		{66807921-7164-4D46-96B6-943032E38DFA}.MvcHTPC_rtDebug|Any CPU.Build.0 = MvcHTPC_rtDebug|Any CPU
		{66807921-7164-4D46-96B6-943032E38DFA}.Release|Any CPU.ActiveCfg = Release|Any CPU
		{66807921-7164-4D46-96B6-943032E38DFA}.Release|Any CPU.Build.0 = Release|Any CPU
	EndGlobalSection
	GlobalSection(SolutionProperties) = preSolution
		HideSolutionNode = FALSE
	EndGlobalSection
EndGlobal
